// !$*UTF8*$!
{
	archiveVersion = 1;
	classes = {
	};
	objectVersion = 56;
	objects = {

/* Begin PBXBuildFile section */
		8CF289A42A3AD2B80090A9BF /* SwiftUI_ExploringApp.swift in Sources */ = {isa = PBXBuildFile; fileRef = 8CF289A32A3AD2B80090A9BF /* SwiftUI_ExploringApp.swift */; };
		8CF289A62A3AD2B80090A9BF /* ContentView.swift in Sources */ = {isa = PBXBuildFile; fileRef = 8CF289A52A3AD2B80090A9BF /* ContentView.swift */; };
		8CF289A82A3AD2B90090A9BF /* Assets.xcassets in Resources */ = {isa = PBXBuildFile; fileRef = 8CF289A72A3AD2B90090A9BF /* Assets.xcassets */; };
		8CF289AB2A3AD2B90090A9BF /* Preview Assets.xcassets in Resources */ = {isa = PBXBuildFile; fileRef = 8CF289AA2A3AD2B90090A9BF /* Preview Assets.xcassets */; };
		8CF289AD2A3AD2B90090A9BF /* Item.swift in Sources */ = {isa = PBXBuildFile; fileRef = 8CF289AC2A3AD2B90090A9BF /* Item.swift */; };
		8CF289B72A3AD2B90090A9BF /* SwiftUI_ExploringTests.swift in Sources */ = {isa = PBXBuildFile; fileRef = 8CF289B62A3AD2B90090A9BF /* SwiftUI_ExploringTests.swift */; };
		8CF289C12A3AD2B90090A9BF /* SwiftUI_ExploringUITests.swift in Sources */ = {isa = PBXBuildFile; fileRef = 8CF289C02A3AD2B90090A9BF /* SwiftUI_ExploringUITests.swift */; };
		8CF289C32A3AD2B90090A9BF /* SwiftUI_ExploringUITestsLaunchTests.swift in Sources */ = {isa = PBXBuildFile; fileRef = 8CF289C22A3AD2B90090A9BF /* SwiftUI_ExploringUITestsLaunchTests.swift */; };
		8CF289D12A3AD8E30090A9BF /* SliderView.swift in Sources */ = {isa = PBXBuildFile; fileRef = 8CF289D02A3AD8E30090A9BF /* SliderView.swift */; };
		8CF289D32A3AE0370090A9BF /* RGB.swift in Sources */ = {isa = PBXBuildFile; fileRef = 8CF289D22A3AE0370090A9BF /* RGB.swift */; };
		8CF289D52A3AE1450090A9BF /* ColorView.swift in Sources */ = {isa = PBXBuildFile; fileRef = 8CF289D42A3AE1450090A9BF /* ColorView.swift */; };
		8CF289D82A3AE1FD0090A9BF /* View+Shadow.swift in Sources */ = {isa = PBXBuildFile; fileRef = 8CF289D72A3AE1FD0090A9BF /* View+Shadow.swift */; };
		8CF289DC2A3AE6440090A9BF /* ColorPickerView.swift in Sources */ = {isa = PBXBuildFile; fileRef = 8CF289DB2A3AE6440090A9BF /* ColorPickerView.swift */; };
/* End PBXBuildFile section */

/* Begin PBXContainerItemProxy section */
		8CF289B32A3AD2B90090A9BF /* PBXContainerItemProxy */ = {
			isa = PBXContainerItemProxy;
			containerPortal = 8CF289982A3AD2B80090A9BF /* Project object */;
			proxyType = 1;
			remoteGlobalIDString = 8CF2899F2A3AD2B80090A9BF;
			remoteInfo = "SwiftUI-Exploring";
		};
		8CF289BD2A3AD2B90090A9BF /* PBXContainerItemProxy */ = {
			isa = PBXContainerItemProxy;
			containerPortal = 8CF289982A3AD2B80090A9BF /* Project object */;
			proxyType = 1;
			remoteGlobalIDString = 8CF2899F2A3AD2B80090A9BF;
			remoteInfo = "SwiftUI-Exploring";
		};
/* End PBXContainerItemProxy section */

/* Begin PBXFileReference section */
		8CF289A02A3AD2B80090A9BF /* SwiftUI-Exploring.app */ = {isa = PBXFileReference; explicitFileType = wrapper.application; includeInIndex = 0; path = "SwiftUI-Exploring.app"; sourceTree = BUILT_PRODUCTS_DIR; };
		8CF289A32A3AD2B80090A9BF /* SwiftUI_ExploringApp.swift */ = {isa = PBXFileReference; lastKnownFileType = sourcecode.swift; path = SwiftUI_ExploringApp.swift; sourceTree = "<group>"; };
		8CF289A52A3AD2B80090A9BF /* ContentView.swift */ = {isa = PBXFileReference; lastKnownFileType = sourcecode.swift; path = ContentView.swift; sourceTree = "<group>"; };
		8CF289A72A3AD2B90090A9BF /* Assets.xcassets */ = {isa = PBXFileReference; lastKnownFileType = folder.assetcatalog; path = Assets.xcassets; sourceTree = "<group>"; };
		8CF289AA2A3AD2B90090A9BF /* Preview Assets.xcassets */ = {isa = PBXFileReference; lastKnownFileType = folder.assetcatalog; path = "Preview Assets.xcassets"; sourceTree = "<group>"; };
		8CF289AC2A3AD2B90090A9BF /* Item.swift */ = {isa = PBXFileReference; lastKnownFileType = sourcecode.swift; path = Item.swift; sourceTree = "<group>"; };
		8CF289B22A3AD2B90090A9BF /* SwiftUI-ExploringTests.xctest */ = {isa = PBXFileReference; explicitFileType = wrapper.cfbundle; includeInIndex = 0; path = "SwiftUI-ExploringTests.xctest"; sourceTree = BUILT_PRODUCTS_DIR; };
		8CF289B62A3AD2B90090A9BF /* SwiftUI_ExploringTests.swift */ = {isa = PBXFileReference; lastKnownFileType = sourcecode.swift; path = SwiftUI_ExploringTests.swift; sourceTree = "<group>"; };
		8CF289BC2A3AD2B90090A9BF /* SwiftUI-ExploringUITests.xctest */ = {isa = PBXFileReference; explicitFileType = wrapper.cfbundle; includeInIndex = 0; path = "SwiftUI-ExploringUITests.xctest"; sourceTree = BUILT_PRODUCTS_DIR; };
		8CF289C02A3AD2B90090A9BF /* SwiftUI_ExploringUITests.swift */ = {isa = PBXFileReference; lastKnownFileType = sourcecode.swift; path = SwiftUI_ExploringUITests.swift; sourceTree = "<group>"; };
		8CF289C22A3AD2B90090A9BF /* SwiftUI_ExploringUITestsLaunchTests.swift */ = {isa = PBXFileReference; lastKnownFileType = sourcecode.swift; path = SwiftUI_ExploringUITestsLaunchTests.swift; sourceTree = "<group>"; };
		8CF289D02A3AD8E30090A9BF /* SliderView.swift */ = {isa = PBXFileReference; lastKnownFileType = sourcecode.swift; path = SliderView.swift; sourceTree = "<group>"; };
		8CF289D22A3AE0370090A9BF /* RGB.swift */ = {isa = PBXFileReference; lastKnownFileType = sourcecode.swift; path = RGB.swift; sourceTree = "<group>"; };
		8CF289D42A3AE1450090A9BF /* ColorView.swift */ = {isa = PBXFileReference; lastKnownFileType = sourcecode.swift; path = ColorView.swift; sourceTree = "<group>"; };
		8CF289D72A3AE1FD0090A9BF /* View+Shadow.swift */ = {isa = PBXFileReference; lastKnownFileType = sourcecode.swift; path = "View+Shadow.swift"; sourceTree = "<group>"; };
		8CF289DB2A3AE6440090A9BF /* ColorPickerView.swift */ = {isa = PBXFileReference; lastKnownFileType = sourcecode.swift; path = ColorPickerView.swift; sourceTree = "<group>"; };
/* End PBXFileReference section */

/* Begin PBXFrameworksBuildPhase section */
		8CF2899D2A3AD2B80090A9BF /* Frameworks */ = {
			isa = PBXFrameworksBuildPhase;
			buildActionMask = 2147483647;
			files = (
			);
			runOnlyForDeploymentPostprocessing = 0;
		};
		8CF289AF2A3AD2B90090A9BF /* Frameworks */ = {
			isa = PBXFrameworksBuildPhase;
			buildActionMask = 2147483647;
			files = (
			);
			runOnlyForDeploymentPostprocessing = 0;
		};
		8CF289B92A3AD2B90090A9BF /* Frameworks */ = {
			isa = PBXFrameworksBuildPhase;
			buildActionMask = 2147483647;
			files = (
			);
			runOnlyForDeploymentPostprocessing = 0;
		};
/* End PBXFrameworksBuildPhase section */

/* Begin PBXGroup section */
		8CF289972A3AD2B80090A9BF = {
			isa = PBXGroup;
			children = (
				8CF289A22A3AD2B80090A9BF /* SwiftUI-Exploring */,
				8CF289B52A3AD2B90090A9BF /* SwiftUI-ExploringTests */,
				8CF289BF2A3AD2B90090A9BF /* SwiftUI-ExploringUITests */,
				8CF289A12A3AD2B80090A9BF /* Products */,
			);
			sourceTree = "<group>";
		};
		8CF289A12A3AD2B80090A9BF /* Products */ = {
			isa = PBXGroup;
			children = (
				8CF289A02A3AD2B80090A9BF /* SwiftUI-Exploring.app */,
				8CF289B22A3AD2B90090A9BF /* SwiftUI-ExploringTests.xctest */,
				8CF289BC2A3AD2B90090A9BF /* SwiftUI-ExploringUITests.xctest */,
			);
			name = Products;
			sourceTree = "<group>";
		};
		8CF289A22A3AD2B80090A9BF /* SwiftUI-Exploring */ = {
			isa = PBXGroup;
			children = (
				8CF289D62A3AE1EB0090A9BF /* Extensions */,
				8CF289CF2A3AD7CE0090A9BF /* ColorPicker */,
				8CF289A32A3AD2B80090A9BF /* SwiftUI_ExploringApp.swift */,
				8CF289A52A3AD2B80090A9BF /* ContentView.swift */,
				8CF289A72A3AD2B90090A9BF /* Assets.xcassets */,
				8CF289AC2A3AD2B90090A9BF /* Item.swift */,
				8CF289A92A3AD2B90090A9BF /* Preview Content */,
			);
			path = "SwiftUI-Exploring";
			sourceTree = "<group>";
		};
		8CF289A92A3AD2B90090A9BF /* Preview Content */ = {
			isa = PBXGroup;
			children = (
				8CF289AA2A3AD2B90090A9BF /* Preview Assets.xcassets */,
			);
			path = "Preview Content";
			sourceTree = "<group>";
		};
		8CF289B52A3AD2B90090A9BF /* SwiftUI-ExploringTests */ = {
			isa = PBXGroup;
			children = (
				8CF289B62A3AD2B90090A9BF /* SwiftUI_ExploringTests.swift */,
			);
			path = "SwiftUI-ExploringTests";
			sourceTree = "<group>";
		};
		8CF289BF2A3AD2B90090A9BF /* SwiftUI-ExploringUITests */ = {
			isa = PBXGroup;
			children = (
				8CF289C02A3AD2B90090A9BF /* SwiftUI_ExploringUITests.swift */,
				8CF289C22A3AD2B90090A9BF /* SwiftUI_ExploringUITestsLaunchTests.swift */,
			);
			path = "SwiftUI-ExploringUITests";
			sourceTree = "<group>";
		};
		8CF289CF2A3AD7CE0090A9BF /* ColorPicker */ = {
			isa = PBXGroup;
			children = (
				8CF289DA2A3AE3D00090A9BF /* Model */,
				8CF289D92A3AE3C80090A9BF /* Views */,
			);
			path = ColorPicker;
			sourceTree = "<group>";
		};
		8CF289D62A3AE1EB0090A9BF /* Extensions */ = {
			isa = PBXGroup;
			children = (
				8CF289D72A3AE1FD0090A9BF /* View+Shadow.swift */,
			);
			path = Extensions;
			sourceTree = "<group>";
		};
		8CF289D92A3AE3C80090A9BF /* Views */ = {
			isa = PBXGroup;
			children = (
				8CF289D02A3AD8E30090A9BF /* SliderView.swift */,
				8CF289D42A3AE1450090A9BF /* ColorView.swift */,
				8CF289DB2A3AE6440090A9BF /* ColorPickerView.swift */,
			);
			path = Views;
			sourceTree = "<group>";
		};
		8CF289DA2A3AE3D00090A9BF /* Model */ = {
			isa = PBXGroup;
			children = (
				8CF289D22A3AE0370090A9BF /* RGB.swift */,
			);
			path = Model;
			sourceTree = "<group>";
		};
/* End PBXGroup section */

/* Begin PBXNativeTarget section */
		8CF2899F2A3AD2B80090A9BF /* SwiftUI-Exploring */ = {
			isa = PBXNativeTarget;
			buildConfigurationList = 8CF289C62A3AD2B90090A9BF /* Build configuration list for PBXNativeTarget "SwiftUI-Exploring" */;
			buildPhases = (
				8CF2899C2A3AD2B80090A9BF /* Sources */,
				8CF2899D2A3AD2B80090A9BF /* Frameworks */,
				8CF2899E2A3AD2B80090A9BF /* Resources */,
			);
			buildRules = (
			);
			dependencies = (
			);
			name = "SwiftUI-Exploring";
			productName = "SwiftUI-Exploring";
			productReference = 8CF289A02A3AD2B80090A9BF /* SwiftUI-Exploring.app */;
			productType = "com.apple.product-type.application";
		};
		8CF289B12A3AD2B90090A9BF /* SwiftUI-ExploringTests */ = {
			isa = PBXNativeTarget;
			buildConfigurationList = 8CF289C92A3AD2B90090A9BF /* Build configuration list for PBXNativeTarget "SwiftUI-ExploringTests" */;
			buildPhases = (
				8CF289AE2A3AD2B90090A9BF /* Sources */,
				8CF289AF2A3AD2B90090A9BF /* Frameworks */,
				8CF289B02A3AD2B90090A9BF /* Resources */,
			);
			buildRules = (
			);
			dependencies = (
				8CF289B42A3AD2B90090A9BF /* PBXTargetDependency */,
			);
			name = "SwiftUI-ExploringTests";
			productName = "SwiftUI-ExploringTests";
			productReference = 8CF289B22A3AD2B90090A9BF /* SwiftUI-ExploringTests.xctest */;
			productType = "com.apple.product-type.bundle.unit-test";
		};
		8CF289BB2A3AD2B90090A9BF /* SwiftUI-ExploringUITests */ = {
			isa = PBXNativeTarget;
			buildConfigurationList = 8CF289CC2A3AD2B90090A9BF /* Build configuration list for PBXNativeTarget "SwiftUI-ExploringUITests" */;
			buildPhases = (
				8CF289B82A3AD2B90090A9BF /* Sources */,
				8CF289B92A3AD2B90090A9BF /* Frameworks */,
				8CF289BA2A3AD2B90090A9BF /* Resources */,
			);
			buildRules = (
			);
			dependencies = (
				8CF289BE2A3AD2B90090A9BF /* PBXTargetDependency */,
			);
			name = "SwiftUI-ExploringUITests";
			productName = "SwiftUI-ExploringUITests";
			productReference = 8CF289BC2A3AD2B90090A9BF /* SwiftUI-ExploringUITests.xctest */;
			productType = "com.apple.product-type.bundle.ui-testing";
		};
/* End PBXNativeTarget section */

/* Begin PBXProject section */
		8CF289982A3AD2B80090A9BF /* Project object */ = {
			isa = PBXProject;
			attributes = {
				BuildIndependentTargetsInParallel = 1;
				LastSwiftUpdateCheck = 1500;
				LastUpgradeCheck = 1500;
				TargetAttributes = {
					8CF2899F2A3AD2B80090A9BF = {
						CreatedOnToolsVersion = 15.0;
					};
					8CF289B12A3AD2B90090A9BF = {
						CreatedOnToolsVersion = 15.0;
						TestTargetID = 8CF2899F2A3AD2B80090A9BF;
					};
					8CF289BB2A3AD2B90090A9BF = {
						CreatedOnToolsVersion = 15.0;
						TestTargetID = 8CF2899F2A3AD2B80090A9BF;
					};
				};
			};
			buildConfigurationList = 8CF2899B2A3AD2B80090A9BF /* Build configuration list for PBXProject "SwiftUI-Exploring" */;
			compatibilityVersion = "Xcode 14.0";
			developmentRegion = en;
			hasScannedForEncodings = 0;
			knownRegions = (
				en,
				Base,
			);
			mainGroup = 8CF289972A3AD2B80090A9BF;
			productRefGroup = 8CF289A12A3AD2B80090A9BF /* Products */;
			projectDirPath = "";
			projectRoot = "";
			targets = (
				8CF2899F2A3AD2B80090A9BF /* SwiftUI-Exploring */,
				8CF289B12A3AD2B90090A9BF /* SwiftUI-ExploringTests */,
				8CF289BB2A3AD2B90090A9BF /* SwiftUI-ExploringUITests */,
			);
		};
/* End PBXProject section */

/* Begin PBXResourcesBuildPhase section */
		8CF2899E2A3AD2B80090A9BF /* Resources */ = {
			isa = PBXResourcesBuildPhase;
			buildActionMask = 2147483647;
			files = (
				8CF289AB2A3AD2B90090A9BF /* Preview Assets.xcassets in Resources */,
				8CF289A82A3AD2B90090A9BF /* Assets.xcassets in Resources */,
			);
			runOnlyForDeploymentPostprocessing = 0;
		};
		8CF289B02A3AD2B90090A9BF /* Resources */ = {
			isa = PBXResourcesBuildPhase;
			buildActionMask = 2147483647;
			files = (
			);
			runOnlyForDeploymentPostprocessing = 0;
		};
		8CF289BA2A3AD2B90090A9BF /* Resources */ = {
			isa = PBXResourcesBuildPhase;
			buildActionMask = 2147483647;
			files = (
			);
			runOnlyForDeploymentPostprocessing = 0;
		};
/* End PBXResourcesBuildPhase section */

/* Begin PBXSourcesBuildPhase section */
		8CF2899C2A3AD2B80090A9BF /* Sources */ = {
			isa = PBXSourcesBuildPhase;
			buildActionMask = 2147483647;
			files = (
				8CF289DC2A3AE6440090A9BF /* ColorPickerView.swift in Sources */,
				8CF289D52A3AE1450090A9BF /* ColorView.swift in Sources */,
				8CF289D82A3AE1FD0090A9BF /* View+Shadow.swift in Sources */,
				8CF289D32A3AE0370090A9BF /* RGB.swift in Sources */,
				8CF289A62A3AD2B80090A9BF /* ContentView.swift in Sources */,
				8CF289D12A3AD8E30090A9BF /* SliderView.swift in Sources */,
				8CF289AD2A3AD2B90090A9BF /* Item.swift in Sources */,
				8CF289A42A3AD2B80090A9BF /* SwiftUI_ExploringApp.swift in Sources */,
			);
			runOnlyForDeploymentPostprocessing = 0;
		};
		8CF289AE2A3AD2B90090A9BF /* Sources */ = {
			isa = PBXSourcesBuildPhase;
			buildActionMask = 2147483647;
			files = (
				8CF289B72A3AD2B90090A9BF /* SwiftUI_ExploringTests.swift in Sources */,
			);
			runOnlyForDeploymentPostprocessing = 0;
		};
		8CF289B82A3AD2B90090A9BF /* Sources */ = {
			isa = PBXSourcesBuildPhase;
			buildActionMask = 2147483647;
			files = (
				8CF289C12A3AD2B90090A9BF /* SwiftUI_ExploringUITests.swift in Sources */,
				8CF289C32A3AD2B90090A9BF /* SwiftUI_ExploringUITestsLaunchTests.swift in Sources */,
			);
			runOnlyForDeploymentPostprocessing = 0;
		};
/* End PBXSourcesBuildPhase section */

/* Begin PBXTargetDependency section */
		8CF289B42A3AD2B90090A9BF /* PBXTargetDependency */ = {
			isa = PBXTargetDependency;
			target = 8CF2899F2A3AD2B80090A9BF /* SwiftUI-Exploring */;
			targetProxy = 8CF289B32A3AD2B90090A9BF /* PBXContainerItemProxy */;
		};
		8CF289BE2A3AD2B90090A9BF /* PBXTargetDependency */ = {
			isa = PBXTargetDependency;
			target = 8CF2899F2A3AD2B80090A9BF /* SwiftUI-Exploring */;
			targetProxy = 8CF289BD2A3AD2B90090A9BF /* PBXContainerItemProxy */;
		};
/* End PBXTargetDependency section */

/* Begin XCBuildConfiguration section */
		8CF289C42A3AD2B90090A9BF /* Debug */ = {
			isa = XCBuildConfiguration;
			buildSettings = {
				ALWAYS_SEARCH_USER_PATHS = NO;
				ASSETCATALOG_COMPILER_GENERATE_SWIFT_ASSET_SYMBOL_EXTENSIONS = YES;
				CLANG_ANALYZER_NONNULL = YES;
				CLANG_ANALYZER_NUMBER_OBJECT_CONVERSION = YES_AGGRESSIVE;
				CLANG_CXX_LANGUAGE_STANDARD = "gnu++20";
				CLANG_ENABLE_MODULES = YES;
				CLANG_ENABLE_OBJC_ARC = YES;
				CLANG_ENABLE_OBJC_WEAK = YES;
				CLANG_WARN_BLOCK_CAPTURE_AUTORELEASING = YES;
				CLANG_WARN_BOOL_CONVERSION = YES;
				CLANG_WARN_COMMA = YES;
				CLANG_WARN_CONSTANT_CONVERSION = YES;
				CLANG_WARN_DEPRECATED_OBJC_IMPLEMENTATIONS = YES;
				CLANG_WARN_DIRECT_OBJC_ISA_USAGE = YES_ERROR;
				CLANG_WARN_DOCUMENTATION_COMMENTS = YES;
				CLANG_WARN_EMPTY_BODY = YES;
				CLANG_WARN_ENUM_CONVERSION = YES;
				CLANG_WARN_INFINITE_RECURSION = YES;
				CLANG_WARN_INT_CONVERSION = YES;
				CLANG_WARN_NON_LITERAL_NULL_CONVERSION = YES;
				CLANG_WARN_OBJC_IMPLICIT_RETAIN_SELF = YES;
				CLANG_WARN_OBJC_LITERAL_CONVERSION = YES;
				CLANG_WARN_OBJC_ROOT_CLASS = YES_ERROR;
				CLANG_WARN_QUOTED_INCLUDE_IN_FRAMEWORK_HEADER = YES;
				CLANG_WARN_RANGE_LOOP_ANALYSIS = YES;
				CLANG_WARN_STRICT_PROTOTYPES = YES;
				CLANG_WARN_SUSPICIOUS_MOVE = YES;
				CLANG_WARN_UNGUARDED_AVAILABILITY = YES_AGGRESSIVE;
				CLANG_WARN_UNREACHABLE_CODE = YES;
				CLANG_WARN__DUPLICATE_METHOD_MATCH = YES;
				COPY_PHASE_STRIP = NO;
				DEBUG_INFORMATION_FORMAT = dwarf;
				ENABLE_STRICT_OBJC_MSGSEND = YES;
				ENABLE_TESTABILITY = YES;
				ENABLE_USER_SCRIPT_SANDBOXING = YES;
				GCC_C_LANGUAGE_STANDARD = gnu17;
				GCC_DYNAMIC_NO_PIC = NO;
				GCC_NO_COMMON_BLOCKS = YES;
				GCC_OPTIMIZATION_LEVEL = 0;
				GCC_PREPROCESSOR_DEFINITIONS = (
					"DEBUG=1",
					"$(inherited)",
				);
				GCC_WARN_64_TO_32_BIT_CONVERSION = YES;
				GCC_WARN_ABOUT_RETURN_TYPE = YES_ERROR;
				GCC_WARN_UNDECLARED_SELECTOR = YES;
				GCC_WARN_UNINITIALIZED_AUTOS = YES_AGGRESSIVE;
				GCC_WARN_UNUSED_FUNCTION = YES;
				GCC_WARN_UNUSED_VARIABLE = YES;
				IPHONEOS_DEPLOYMENT_TARGET = 17.0;
				LOCALIZATION_PREFERS_STRING_CATALOGS = YES;
				MTL_ENABLE_DEBUG_INFO = INCLUDE_SOURCE;
				MTL_FAST_MATH = YES;
				ONLY_ACTIVE_ARCH = YES;
				SDKROOT = iphoneos;
				SWIFT_ACTIVE_COMPILATION_CONDITIONS = "DEBUG $(inherited)";
				SWIFT_OPTIMIZATION_LEVEL = "-Onone";
			};
			name = Debug;
		};
		8CF289C52A3AD2B90090A9BF /* Release */ = {
			isa = XCBuildConfiguration;
			buildSettings = {
				ALWAYS_SEARCH_USER_PATHS = NO;
				ASSETCATALOG_COMPILER_GENERATE_SWIFT_ASSET_SYMBOL_EXTENSIONS = YES;
				CLANG_ANALYZER_NONNULL = YES;
				CLANG_ANALYZER_NUMBER_OBJECT_CONVERSION = YES_AGGRESSIVE;
				CLANG_CXX_LANGUAGE_STANDARD = "gnu++20";
				CLANG_ENABLE_MODULES = YES;
				CLANG_ENABLE_OBJC_ARC = YES;
				CLANG_ENABLE_OBJC_WEAK = YES;
				CLANG_WARN_BLOCK_CAPTURE_AUTORELEASING = YES;
				CLANG_WARN_BOOL_CONVERSION = YES;
				CLANG_WARN_COMMA = YES;
				CLANG_WARN_CONSTANT_CONVERSION = YES;
				CLANG_WARN_DEPRECATED_OBJC_IMPLEMENTATIONS = YES;
				CLANG_WARN_DIRECT_OBJC_ISA_USAGE = YES_ERROR;
				CLANG_WARN_DOCUMENTATION_COMMENTS = YES;
				CLANG_WARN_EMPTY_BODY = YES;
				CLANG_WARN_ENUM_CONVERSION = YES;
				CLANG_WARN_INFINITE_RECURSION = YES;
				CLANG_WARN_INT_CONVERSION = YES;
				CLANG_WARN_NON_LITERAL_NULL_CONVERSION = YES;
				CLANG_WARN_OBJC_IMPLICIT_RETAIN_SELF = YES;
				CLANG_WARN_OBJC_LITERAL_CONVERSION = YES;
				CLANG_WARN_OBJC_ROOT_CLASS = YES_ERROR;
				CLANG_WARN_QUOTED_INCLUDE_IN_FRAMEWORK_HEADER = YES;
				CLANG_WARN_RANGE_LOOP_ANALYSIS = YES;
				CLANG_WARN_STRICT_PROTOTYPES = YES;
				CLANG_WARN_SUSPICIOUS_MOVE = YES;
				CLANG_WARN_UNGUARDED_AVAILABILITY = YES_AGGRESSIVE;
				CLANG_WARN_UNREACHABLE_CODE = YES;
				CLANG_WARN__DUPLICATE_METHOD_MATCH = YES;
				COPY_PHASE_STRIP = NO;
				DEBUG_INFORMATION_FORMAT = "dwarf-with-dsym";
				ENABLE_NS_ASSERTIONS = NO;
				ENABLE_STRICT_OBJC_MSGSEND = YES;
				ENABLE_USER_SCRIPT_SANDBOXING = YES;
				GCC_C_LANGUAGE_STANDARD = gnu17;
				GCC_NO_COMMON_BLOCKS = YES;
				GCC_WARN_64_TO_32_BIT_CONVERSION = YES;
				GCC_WARN_ABOUT_RETURN_TYPE = YES_ERROR;
				GCC_WARN_UNDECLARED_SELECTOR = YES;
				GCC_WARN_UNINITIALIZED_AUTOS = YES_AGGRESSIVE;
				GCC_WARN_UNUSED_FUNCTION = YES;
				GCC_WARN_UNUSED_VARIABLE = YES;
				IPHONEOS_DEPLOYMENT_TARGET = 17.0;
				LOCALIZATION_PREFERS_STRING_CATALOGS = YES;
				MTL_ENABLE_DEBUG_INFO = NO;
				MTL_FAST_MATH = YES;
				SDKROOT = iphoneos;
				SWIFT_COMPILATION_MODE = wholemodule;
				VALIDATE_PRODUCT = YES;
			};
			name = Release;
		};
		8CF289C72A3AD2B90090A9BF /* Debug */ = {
			isa = XCBuildConfiguration;
			buildSettings = {
				ASSETCATALOG_COMPILER_APPICON_NAME = AppIcon;
				ASSETCATALOG_COMPILER_GLOBAL_ACCENT_COLOR_NAME = AccentColor;
				CODE_SIGN_STYLE = Automatic;
				CURRENT_PROJECT_VERSION = 1;
				DEVELOPMENT_ASSET_PATHS = "\"SwiftUI-Exploring/Preview Content\"";
				DEVELOPMENT_TEAM = JUY6LY9322;
				ENABLE_PREVIEWS = YES;
				GENERATE_INFOPLIST_FILE = YES;
				INFOPLIST_KEY_UIApplicationSceneManifest_Generation = YES;
				INFOPLIST_KEY_UIApplicationSupportsIndirectInputEvents = YES;
				INFOPLIST_KEY_UILaunchScreen_Generation = YES;
				INFOPLIST_KEY_UISupportedInterfaceOrientations_iPad = "UIInterfaceOrientationPortrait UIInterfaceOrientationPortraitUpsideDown UIInterfaceOrientationLandscapeLeft UIInterfaceOrientationLandscapeRight";
				INFOPLIST_KEY_UISupportedInterfaceOrientations_iPhone = "UIInterfaceOrientationPortrait UIInterfaceOrientationLandscapeLeft UIInterfaceOrientationLandscapeRight";
				LD_RUNPATH_SEARCH_PATHS = (
					"$(inherited)",
					"@executable_path/Frameworks",
				);
				MARKETING_VERSION = 1.0;
				PRODUCT_BUNDLE_IDENTIFIER = "com.NGiDeveloper.SwiftUI-Exploring";
				PRODUCT_NAME = "$(TARGET_NAME)";
				SWIFT_EMIT_LOC_STRINGS = YES;
				SWIFT_VERSION = 5.0;
				TARGETED_DEVICE_FAMILY = "1,2";
			};
			name = Debug;
		};
		8CF289C82A3AD2B90090A9BF /* Release */ = {
			isa = XCBuildConfiguration;
			buildSettings = {
				ASSETCATALOG_COMPILER_APPICON_NAME = AppIcon;
				ASSETCATALOG_COMPILER_GLOBAL_ACCENT_COLOR_NAME = AccentColor;
				CODE_SIGN_STYLE = Automatic;
				CURRENT_PROJECT_VERSION = 1;
				DEVELOPMENT_ASSET_PATHS = "\"SwiftUI-Exploring/Preview Content\"";
				DEVELOPMENT_TEAM = JUY6LY9322;
				ENABLE_PREVIEWS = YES;
				GENERATE_INFOPLIST_FILE = YES;
				INFOPLIST_KEY_UIApplicationSceneManifest_Generation = YES;
				INFOPLIST_KEY_UIApplicationSupportsIndirectInputEvents = YES;
				INFOPLIST_KEY_UILaunchScreen_Generation = YES;
				INFOPLIST_KEY_UISupportedInterfaceOrientations_iPad = "UIInterfaceOrientationPortrait UIInterfaceOrientationPortraitUpsideDown UIInterfaceOrientationLandscapeLeft UIInterfaceOrientationLandscapeRight";
				INFOPLIST_KEY_UISupportedInterfaceOrientations_iPhone = "UIInterfaceOrientationPortrait UIInterfaceOrientationLandscapeLeft UIInterfaceOrientationLandscapeRight";
				LD_RUNPATH_SEARCH_PATHS = (
					"$(inherited)",
					"@executable_path/Frameworks",
				);
				MARKETING_VERSION = 1.0;
				PRODUCT_BUNDLE_IDENTIFIER = "com.NGiDeveloper.SwiftUI-Exploring";
				PRODUCT_NAME = "$(TARGET_NAME)";
				SWIFT_EMIT_LOC_STRINGS = YES;
				SWIFT_VERSION = 5.0;
				TARGETED_DEVICE_FAMILY = "1,2";
			};
			name = Release;
		};
		8CF289CA2A3AD2B90090A9BF /* Debug */ = {
			isa = XCBuildConfiguration;
			buildSettings = {
				ALWAYS_EMBED_SWIFT_STANDARD_LIBRARIES = YES;
				BUNDLE_LOADER = "$(TEST_HOST)";
				CODE_SIGN_STYLE = Automatic;
				CURRENT_PROJECT_VERSION = 1;
				DEVELOPMENT_TEAM = JUY6LY9322;
				GENERATE_INFOPLIST_FILE = YES;
				IPHONEOS_DEPLOYMENT_TARGET = 17.0;
				MARKETING_VERSION = 1.0;
				PRODUCT_BUNDLE_IDENTIFIER = "com.NGiDeveloper.SwiftUI-ExploringTests";
				PRODUCT_NAME = "$(TARGET_NAME)";
				SWIFT_EMIT_LOC_STRINGS = NO;
				SWIFT_VERSION = 5.0;
				TARGETED_DEVICE_FAMILY = "1,2";
				TEST_HOST = "$(BUILT_PRODUCTS_DIR)/SwiftUI-Exploring.app/$(BUNDLE_EXECUTABLE_FOLDER_PATH)/SwiftUI-Exploring";
			};
			name = Debug;
		};
		8CF289CB2A3AD2B90090A9BF /* Release */ = {
			isa = XCBuildConfiguration;
			buildSettings = {
				ALWAYS_EMBED_SWIFT_STANDARD_LIBRARIES = YES;
				BUNDLE_LOADER = "$(TEST_HOST)";
				CODE_SIGN_STYLE = Automatic;
				CURRENT_PROJECT_VERSION = 1;
				DEVELOPMENT_TEAM = JUY6LY9322;
				GENERATE_INFOPLIST_FILE = YES;
				IPHONEOS_DEPLOYMENT_TARGET = 17.0;
				MARKETING_VERSION = 1.0;
				PRODUCT_BUNDLE_IDENTIFIER = "com.NGiDeveloper.SwiftUI-ExploringTests";
				PRODUCT_NAME = "$(TARGET_NAME)";
				SWIFT_EMIT_LOC_STRINGS = NO;
				SWIFT_VERSION = 5.0;
				TARGETED_DEVICE_FAMILY = "1,2";
				TEST_HOST = "$(BUILT_PRODUCTS_DIR)/SwiftUI-Exploring.app/$(BUNDLE_EXECUTABLE_FOLDER_PATH)/SwiftUI-Exploring";
			};
			name = Release;
		};
		8CF289CD2A3AD2B90090A9BF /* Debug */ = {
			isa = XCBuildConfiguration;
			buildSettings = {
				ALWAYS_EMBED_SWIFT_STANDARD_LIBRARIES = YES;
				CODE_SIGN_STYLE = Automatic;
				CURRENT_PROJECT_VERSION = 1;
				DEVELOPMENT_TEAM = JUY6LY9322;
				GENERATE_INFOPLIST_FILE = YES;
				MARKETING_VERSION = 1.0;
				PRODUCT_BUNDLE_IDENTIFIER = "com.NGiDeveloper.SwiftUI-ExploringUITests";
				PRODUCT_NAME = "$(TARGET_NAME)";
				SWIFT_EMIT_LOC_STRINGS = NO;
				SWIFT_VERSION = 5.0;
				TARGETED_DEVICE_FAMILY = "1,2";
				TEST_TARGET_NAME = "SwiftUI-Exploring";
			};
			name = Debug;
		};
		8CF289CE2A3AD2B90090A9BF /* Release */ = {
			isa = XCBuildConfiguration;
			buildSettings = {
				ALWAYS_EMBED_SWIFT_STANDARD_LIBRARIES = YES;
				CODE_SIGN_STYLE = Automatic;
				CURRENT_PROJECT_VERSION = 1;
				DEVELOPMENT_TEAM = JUY6LY9322;
				GENERATE_INFOPLIST_FILE = YES;
				MARKETING_VERSION = 1.0;
				PRODUCT_BUNDLE_IDENTIFIER = "com.NGiDeveloper.SwiftUI-ExploringUITests";
				PRODUCT_NAME = "$(TARGET_NAME)";
				SWIFT_EMIT_LOC_STRINGS = NO;
				SWIFT_VERSION = 5.0;
				TARGETED_DEVICE_FAMILY = "1,2";
				TEST_TARGET_NAME = "SwiftUI-Exploring";
			};
			name = Release;
		};
/* End XCBuildConfiguration section */

/* Begin XCConfigurationList section */
		8CF2899B2A3AD2B80090A9BF /* Build configuration list for PBXProject "SwiftUI-Exploring" */ = {
			isa = XCConfigurationList;
			buildConfigurations = (
				8CF289C42A3AD2B90090A9BF /* Debug */,
				8CF289C52A3AD2B90090A9BF /* Release */,
			);
			defaultConfigurationIsVisible = 0;
			defaultConfigurationName = Release;
		};
		8CF289C62A3AD2B90090A9BF /* Build configuration list for PBXNativeTarget "SwiftUI-Exploring" */ = {
			isa = XCConfigurationList;
			buildConfigurations = (
				8CF289C72A3AD2B90090A9BF /* Debug */,
				8CF289C82A3AD2B90090A9BF /* Release */,
			);
			defaultConfigurationIsVisible = 0;
			defaultConfigurationName = Release;
		};
		8CF289C92A3AD2B90090A9BF /* Build configuration list for PBXNativeTarget "SwiftUI-ExploringTests" */ = {
			isa = XCConfigurationList;
			buildConfigurations = (
				8CF289CA2A3AD2B90090A9BF /* Debug */,
				8CF289CB2A3AD2B90090A9BF /* Release */,
			);
			defaultConfigurationIsVisible = 0;
			defaultConfigurationName = Release;
		};
		8CF289CC2A3AD2B90090A9BF /* Build configuration list for PBXNativeTarget "SwiftUI-ExploringUITests" */ = {
			isa = XCConfigurationList;
			buildConfigurations = (
				8CF289CD2A3AD2B90090A9BF /* Debug */,
				8CF289CE2A3AD2B90090A9BF /* Release */,
			);
			defaultConfigurationIsVisible = 0;
			defaultConfigurationName = Release;
		};
/* End XCConfigurationList section */
	};
	rootObject = 8CF289982A3AD2B80090A9BF /* Project object */;
}
